{
  "originHash" : "8d0287a3152230f6d2bedf180a9702888499e630a658bb064e2e3bbbe88a85a2",
  "pins" : [
    {
      "identity" : "codeeditorview",
      "kind" : "remoteSourceControl",
      "location" : "https://github.com/mchakravarty/CodeEditorView",
      "state" : {
        "revision" : "aba6c189bb2f6fd9d7b8e9f5739aeb3c8c7e3254",
        "version" : "0.15.4"
      }
    },
    {
      "identity" : "difference",
      "kind" : "remoteSourceControl",
      "location" : "https://github.com/krzysztofzablocki/Difference",
      "state" : {
        "revision" : "02fe1111edc8318c4f8a0da96336fcbcc201f38b",
        "version" : "1.0.1"
      }
    },
    {
      "identity" : "export-ipa",
      "kind" : "remoteSourceControl",
      "location" : "https://github.com/kkebo/export-ipa",
      "state" : {
        "revision" : "af3557983c75ed70eda4b528e2926ab310ceb231",
        "version" : "0.2.0"
      }
    },
    {
      "identity" : "html-entity-coder",
      "kind" : "remoteSourceControl",
      "location" : "https://github.com/kkebo/html-entity-coder",
      "state" : {
        "revision" : "78ab7cbfa4de21282d02117b12990d306780b324",
        "version" : "1.0.1"
      }
    },
    {
      "identity" : "ink",
      "kind" : "remoteSourceControl",
      "location" : "https://github.com/JohnSundell/Ink",
      "state" : {
        "revision" : "bcc9f219900a62c4210e6db726035d7f03ae757b",
        "version" : "0.6.0"
      }
    },
    {
      "identity" : "jwtdecode.swift",
      "kind" : "remoteSourceControl",
      "location" : "https://github.com/auth0/JWTDecode.swift",
      "state" : {
        "revision" : "c4e60d71afb09c1e7f8a11a7db629469da92630b",
        "version" : "4.0.0"
      }
    },
    {
      "identity" : "loremswiftum",
      "kind" : "remoteSourceControl",
      "location" : "https://github.com/lukaskubanek/LoremSwiftum",
      "state" : {
        "revision" : "a293c2339552c8cfb715e7f76c511feec02782ad",
        "version" : "2.2.3"
      }
    },
    {
      "identity" : "playgroundtester",
      "kind" : "remoteSourceControl",
      "location" : "https://github.com/Losiowaty/PlaygroundTester",
      "state" : {
        "revision" : "1444c7e0d2f15be1e4c75bdaa6ecc3139d3c3a83",
        "version" : "0.3.1"
      }
    },
    {
      "identity" : "rearrange",
      "kind" : "remoteSourceControl",
      "location" : "https://github.com/ChimeHQ/Rearrange.git",
      "state" : {
        "revision" : "5ff7f3363f7a08f77e0d761e38e6add31c2136e1",
        "version" : "1.8.1"
      }
    },
    {
      "identity" : "swift-collections",
      "kind" : "remoteSourceControl",
      "location" : "https://github.com/apple/swift-collections",
      "state" : {
        "revision" : "7b847a3b7008b2dc2f47ca3110d8c782fb2e5c7e",
        "version" : "1.3.0"
      }
    },
    {
      "identity" : "swift-log",
      "kind" : "remoteSourceControl",
      "location" : "https://github.com/apple/swift-log",
      "state" : {
        "revision" : "ca538143e2dc2b5996c34b9322a1ed9def1d7747",
        "version" : "1.7.0"
      }
    },
    {
      "identity" : "swift-log-playground",
      "kind" : "remoteSourceControl",
      "location" : "https://github.com/kkebo/swift-log-playground",
      "state" : {
        "revision" : "248ae97fa5d2687ed80d8cdd5c6b9b0c3ac4ff2c",
        "version" : "0.3.0"
      }
    },
    {
      "identity" : "swift-uniyaml",
      "kind" : "remoteSourceControl",
      "location" : "https://github.com/kkebo/swift-uniyaml",
      "state" : {
        "branch" : "master",
        "revision" : "7cd137791252955cfc89334fdebbe512696be8db"
      }
    },
    {
      "identity" : "swiftjsonformatter",
      "kind" : "remoteSourceControl",
      "location" : "https://github.com/kkebo/SwiftJSONFormatter",
      "state" : {
        "branch" : "origin/fix-build",
        "revision" : "59ad97f508e546b2df66f60e1cf70605f7e4960e"
      }
    }
  ],
  "version" : 3
}
