{
  "object": {
    "pins": [
      {
        "package": "JWTDecode",
        "repositoryURL": "https://github.com/auth0/JWTDecode.swift",
        "state": {
          "branch": null,
          "revision": "3cd207fb9e943b6168a117baa3936c823204c2dc",
          "version": "2.6.3"
        }
      },
      {
        "package": "HTMLEntities",
        "repositoryURL": "https://github.com/kkk669/swift-html-entities",
        "state": {
          "branch": null,
          "revision": "39083f7a1826b1b01e3a270795ed409ac4ccea18",
          "version": "4.0.1"
        }
      },
      {
        "package": "swift-log",
        "repositoryURL": "https://github.com/apple/swift-log.git",
        "state": {
          "branch": null,
          "revision": "5d66f7ba25daf4f94100e7022febf3c75e37a6c7",
          "version": "1.4.2"
        }
      },
      {
        "package": "LoggingPlayground",
        "repositoryURL": "https://github.com/kkk669/swift-log-playground",
        "state": {
          "branch": null,
          "revision": "0e54bc8a292a3ddddecab489a2fefa90988ab21a",
          "version": "0.1.0"
        }
      },
      {
        "package": "SwiftJSONFormatter",
        "repositoryURL": "https://github.com/luin/SwiftJSONFormatter",
        "state": {
          "branch": null,
          "revision": "843456f526833771b9e6b3d0f5b7d06f2557ecab",
          "version": "1.0.0"
        }
      }
    ]
  },
  "version": 1
}
