{
  "pins" : [
    {
      "identity" : "difference",
      "kind" : "remoteSourceControl",
      "location" : "https://github.com/krzysztofzablocki/Difference",
      "state" : {
        "revision" : "02fe1111edc8318c4f8a0da96336fcbcc201f38b",
        "version" : "1.0.1"
      }
    },
    {
      "identity" : "ink",
      "kind" : "remoteSourceControl",
      "location" : "https://github.com/JohnSundell/Ink",
      "state" : {
        "revision" : "77c3d8953374a9cf5418ef0bd7108524999de85a",
        "version" : "0.5.1"
      }
    },
    {
      "identity" : "jwtdecode.swift",
      "kind" : "remoteSourceControl",
      "location" : "https://github.com/auth0/JWTDecode.swift",
      "state" : {
        "revision" : "d07041068fed2d4b8a38f2b321ea6d97c9152c4a",
        "version" : "3.0.0"
      }
    },
    {
      "identity" : "loremswiftum",
      "kind" : "remoteSourceControl",
      "location" : "https://github.com/lukaskubanek/LoremSwiftum",
      "state" : {
        "revision" : "8942e732e50458cde5dccf9996afa16f29372853",
        "version" : "2.2.2"
      }
    },
    {
      "identity" : "playgroundtester",
      "kind" : "remoteSourceControl",
      "location" : "https://github.com/Losiowaty/PlaygroundTester",
      "state" : {
        "revision" : "ee95adee270d2a319dbce530d5887699f94594e1",
        "version" : "0.2.1"
      }
    },
    {
      "identity" : "swift-html-entities",
      "kind" : "remoteSourceControl",
      "location" : "https://github.com/kkk669/swift-html-entities",
      "state" : {
        "revision" : "fac7e328a57e9a54ed90c4fec9192d6cda39237b",
        "version" : "4.0.2"
      }
    },
    {
      "identity" : "swift-log",
      "kind" : "remoteSourceControl",
      "location" : "https://github.com/apple/swift-log.git",
      "state" : {
        "revision" : "5d66f7ba25daf4f94100e7022febf3c75e37a6c7",
        "version" : "1.4.2"
      }
    },
    {
      "identity" : "swift-log-playground",
      "kind" : "remoteSourceControl",
      "location" : "https://github.com/kkk669/swift-log-playground",
      "state" : {
        "revision" : "0e54bc8a292a3ddddecab489a2fefa90988ab21a",
        "version" : "0.1.0"
      }
    },
    {
      "identity" : "swiftjsonformatter",
      "kind" : "remoteSourceControl",
      "location" : "https://github.com/luin/SwiftJSONFormatter",
      "state" : {
        "revision" : "843456f526833771b9e6b3d0f5b7d06f2557ecab",
        "version" : "1.0.0"
      }
    },
    {
      "identity" : "swiftui-introspect",
      "kind" : "remoteSourceControl",
      "location" : "https://github.com/siteline/SwiftUI-Introspect",
      "state" : {
        "revision" : "f2616860a41f9d9932da412a8978fec79c06fe24",
        "version" : "0.1.4"
      }
    }
  ],
  "version" : 2
}
